{
  "version": "3",
  "remote": {
    "https://edge.netlify.com/": "ff84a16f192fdb43db8b9dff869889f555c05857d075044d2a7cfa54c283a0a0",
    "https://edge.netlify.com/bootstrap/config.ts": "0aa0a225d978b89e0e62cbd853701605199e7a84095e55eeb70147faf1a24803",
    "https://edge.netlify.com/bootstrap/context.ts": "f8392d0bfc4a345f0508157a9ed1a8b0ac832275e5ae6fe9301a8268fbfeb0b5",
    "https://edge.netlify.com/bootstrap/cookie.ts": "8b0baae708989ca183c6f3b4ab3d029e6abcbc2e43f93edeb0ff447b3bbc3a05",
    "https://edge.netlify.com/bootstrap/edge_function.ts": "b8253e86aa83c67341f5cfedeba5049d77fbf84dcab7eceff7566b7728ae9b39",
    "https://edge.netlify.com/bootstrap/globals.ts": "38f9e0be6c2c78206bf14d2387d41964d38bbe81644b3668e203c6f6473408a7"
  },
  "workspace": {
    "packageJson": {
      "dependencies": [
        "npm:@babel/eslint-parser@^7.24.7",
        "npm:@netlify/functions@^2.8.0",
        "npm:@types/express@^4.17.21",
        "npm:aws-serverless-express@^3.4.0",
        "npm:axios@^1.7.2",
        "npm:dotenv@^16.4.5",
        "npm:eslint-config-airbnb@^19.0.4",
        "npm:eslint-config-prettier@^9.1.0",
        "npm:eslint-plugin-import@^2.29.1",
        "npm:eslint-plugin-jsx-a11y@^6.8.0",
        "npm:eslint-plugin-node@^11.1.0",
        "npm:eslint-plugin-prettier@^5.1.3",
        "npm:eslint-plugin@^1.0.1",
        "npm:eslint@^8.57.0",
        "npm:express@^4.19.2",
        "npm:geoip-lite2@^2.1.37",
        "npm:prettier@^3.3.2",
        "npm:react@^18.3.1",
        "npm:serverless-http@^3.2.0"
      ]
    }
  }
}
